
Microsoft Visual Studio Solution File, Format Version 11.00
# Visual Studio 2010
Project("{FAE04EC0-301F-11D3-BF4B-00C04F79EFBC}") = "usivity.core", "usivity.core\usivity.core.csproj", "{407F79A0-C9DD-4DF8-822C-4E6AB58171F9}"
EndProject
Project("{FAE04EC0-301F-11D3-BF4B-00C04F79EFBC}") = "usivity.data", "usivity.data\usivity.data.csproj", "{62996F95-997C-481D-BBE6-F9BC9DF16D48}"
EndProject
Project("{FAE04EC0-301F-11D3-BF4B-00C04F79EFBC}") = "usivity.test", "usivity.test\usivity.test.csproj", "{E9B6F1F4-1EE0-40A7-903D-F90B44209EBF}"
EndProject
Global
	GlobalSection(SolutionConfigurationPlatforms) = preSolution
		Debug|Any CPU = Debug|Any CPU
		Release|Any CPU = Release|Any CPU
	EndGlobalSection
	GlobalSection(ProjectConfigurationPlatforms) = postSolution
		{407F79A0-C9DD-4DF8-822C-4E6AB58171F9}.Debug|Any CPU.ActiveCfg = Debug|Any CPU
		{407F79A0-C9DD-4DF8-822C-4E6AB58171F9}.Debug|Any CPU.Build.0 = Debug|Any CPU
		{407F79A0-C9DD-4DF8-822C-4E6AB58171F9}.Release|Any CPU.ActiveCfg = Release|Any CPU
		{407F79A0-C9DD-4DF8-822C-4E6AB58171F9}.Release|Any CPU.Build.0 = Release|Any CPU
		{62996F95-997C-481D-BBE6-F9BC9DF16D48}.Debug|Any CPU.ActiveCfg = Debug|Any CPU
		{62996F95-997C-481D-BBE6-F9BC9DF16D48}.Debug|Any CPU.Build.0 = Debug|Any CPU
		{62996F95-997C-481D-BBE6-F9BC9DF16D48}.Release|Any CPU.ActiveCfg = Release|Any CPU
		{62996F95-997C-481D-BBE6-F9BC9DF16D48}.Release|Any CPU.Build.0 = Release|Any CPU
		{E9B6F1F4-1EE0-40A7-903D-F90B44209EBF}.Debug|Any CPU.ActiveCfg = Debug|Any CPU
		{E9B6F1F4-1EE0-40A7-903D-F90B44209EBF}.Debug|Any CPU.Build.0 = Debug|Any CPU
		{E9B6F1F4-1EE0-40A7-903D-F90B44209EBF}.Release|Any CPU.ActiveCfg = Release|Any CPU
		{E9B6F1F4-1EE0-40A7-903D-F90B44209EBF}.Release|Any CPU.Build.0 = Release|Any CPU
	EndGlobalSection
	GlobalSection(SolutionProperties) = preSolution
		HideSolutionNode = FALSE
	EndGlobalSection
EndGlobal
